// !$*UTF8*$!
{
	archiveVersion = 1;
	classes = {
	};
	objectVersion = 56;
	objects = {

/* Begin PBXBuildFile section */
		C1B12F8D29A5650B00E681D9 /* ZoomTransitionController.swift in Sources */ = {isa = PBXBuildFile; fileRef = C1B12F8A29A5650B00E681D9 /* ZoomTransitionController.swift */; };
		C1B12F8E29A5650B00E681D9 /* ZoomDismissalInteractionController.swift in Sources */ = {isa = PBXBuildFile; fileRef = C1B12F8B29A5650B00E681D9 /* ZoomDismissalInteractionController.swift */; };
		C1B12F8F29A5650B00E681D9 /* ZoomAnimator.swift in Sources */ = {isa = PBXBuildFile; fileRef = C1B12F8C29A5650B00E681D9 /* ZoomAnimator.swift */; };
		C1C9085029A3E5D0004E9AC5 /* AppDelegate.swift in Sources */ = {isa = PBXBuildFile; fileRef = C1C9084F29A3E5D0004E9AC5 /* AppDelegate.swift */; };
		C1C9085229A3E5D0004E9AC5 /* SceneDelegate.swift in Sources */ = {isa = PBXBuildFile; fileRef = C1C9085129A3E5D0004E9AC5 /* SceneDelegate.swift */; };
		C1C9085429A3E5D0004E9AC5 /* ViewController.swift in Sources */ = {isa = PBXBuildFile; fileRef = C1C9085329A3E5D0004E9AC5 /* ViewController.swift */; };
		C1C9085729A3E5D0004E9AC5 /* Main.storyboard in Resources */ = {isa = PBXBuildFile; fileRef = C1C9085529A3E5D0004E9AC5 /* Main.storyboard */; };
		C1C9085A29A3E5D0004E9AC5 /* transition_v3.xcdatamodeld in Sources */ = {isa = PBXBuildFile; fileRef = C1C9085829A3E5D0004E9AC5 /* transition_v3.xcdatamodeld */; };
		C1C9085C29A3E5D1004E9AC5 /* Assets.xcassets in Resources */ = {isa = PBXBuildFile; fileRef = C1C9085B29A3E5D1004E9AC5 /* Assets.xcassets */; };
		C1C9085F29A3E5D1004E9AC5 /* LaunchScreen.storyboard in Resources */ = {isa = PBXBuildFile; fileRef = C1C9085D29A3E5D1004E9AC5 /* LaunchScreen.storyboard */; };
		C1C9086A29A3E5D1004E9AC5 /* transition_v3Tests.swift in Sources */ = {isa = PBXBuildFile; fileRef = C1C9086929A3E5D1004E9AC5 /* transition_v3Tests.swift */; };
		C1C9087429A3E5D1004E9AC5 /* transition_v3UITests.swift in Sources */ = {isa = PBXBuildFile; fileRef = C1C9087329A3E5D1004E9AC5 /* transition_v3UITests.swift */; };
		C1C9087629A3E5D1004E9AC5 /* transition_v3UITestsLaunchTests.swift in Sources */ = {isa = PBXBuildFile; fileRef = C1C9087529A3E5D1004E9AC5 /* transition_v3UITestsLaunchTests.swift */; };
/* End PBXBuildFile section */

/* Begin PBXContainerItemProxy section */
		C1C9086629A3E5D1004E9AC5 /* PBXContainerItemProxy */ = {
			isa = PBXContainerItemProxy;
			containerPortal = C1C9084429A3E5CF004E9AC5 /* Project object */;
			proxyType = 1;
			remoteGlobalIDString = C1C9084B29A3E5CF004E9AC5;
			remoteInfo = "transition-v3";
		};
		C1C9087029A3E5D1004E9AC5 /* PBXContainerItemProxy */ = {
			isa = PBXContainerItemProxy;
			containerPortal = C1C9084429A3E5CF004E9AC5 /* Project object */;
			proxyType = 1;
			remoteGlobalIDString = C1C9084B29A3E5CF004E9AC5;
			remoteInfo = "transition-v3";
		};
/* End PBXContainerItemProxy section */

/* Begin PBXFileReference section */
		C1B12F8A29A5650B00E681D9 /* ZoomTransitionController.swift */ = {isa = PBXFileReference; fileEncoding = 4; lastKnownFileType = sourcecode.swift; path = ZoomTransitionController.swift; sourceTree = "<group>"; };
		C1B12F8B29A5650B00E681D9 /* ZoomDismissalInteractionController.swift */ = {isa = PBXFileReference; fileEncoding = 4; lastKnownFileType = sourcecode.swift; path = ZoomDismissalInteractionController.swift; sourceTree = "<group>"; };
		C1B12F8C29A5650B00E681D9 /* ZoomAnimator.swift */ = {isa = PBXFileReference; fileEncoding = 4; lastKnownFileType = sourcecode.swift; path = ZoomAnimator.swift; sourceTree = "<group>"; };
		C1C9084C29A3E5CF004E9AC5 /* transition-v3.app */ = {isa = PBXFileReference; explicitFileType = wrapper.application; includeInIndex = 0; path = "transition-v3.app"; sourceTree = BUILT_PRODUCTS_DIR; };
		C1C9084F29A3E5D0004E9AC5 /* AppDelegate.swift */ = {isa = PBXFileReference; lastKnownFileType = sourcecode.swift; path = AppDelegate.swift; sourceTree = "<group>"; };
		C1C9085129A3E5D0004E9AC5 /* SceneDelegate.swift */ = {isa = PBXFileReference; lastKnownFileType = sourcecode.swift; path = SceneDelegate.swift; sourceTree = "<group>"; };
		C1C9085329A3E5D0004E9AC5 /* ViewController.swift */ = {isa = PBXFileReference; lastKnownFileType = sourcecode.swift; path = ViewController.swift; sourceTree = "<group>"; };
		C1C9085629A3E5D0004E9AC5 /* Base */ = {isa = PBXFileReference; lastKnownFileType = file.storyboard; name = Base; path = Base.lproj/Main.storyboard; sourceTree = "<group>"; };
		C1C9085929A3E5D0004E9AC5 /* transition_v3.xcdatamodel */ = {isa = PBXFileReference; lastKnownFileType = wrapper.xcdatamodel; path = transition_v3.xcdatamodel; sourceTree = "<group>"; };
		C1C9085B29A3E5D1004E9AC5 /* Assets.xcassets */ = {isa = PBXFileReference; lastKnownFileType = folder.assetcatalog; path = Assets.xcassets; sourceTree = "<group>"; };
		C1C9085E29A3E5D1004E9AC5 /* Base */ = {isa = PBXFileReference; lastKnownFileType = file.storyboard; name = Base; path = Base.lproj/LaunchScreen.storyboard; sourceTree = "<group>"; };
		C1C9086029A3E5D1004E9AC5 /* Info.plist */ = {isa = PBXFileReference; lastKnownFileType = text.plist.xml; path = Info.plist; sourceTree = "<group>"; };
		C1C9086529A3E5D1004E9AC5 /* transition-v3Tests.xctest */ = {isa = PBXFileReference; explicitFileType = wrapper.cfbundle; includeInIndex = 0; path = "transition-v3Tests.xctest"; sourceTree = BUILT_PRODUCTS_DIR; };
		C1C9086929A3E5D1004E9AC5 /* transition_v3Tests.swift */ = {isa = PBXFileReference; lastKnownFileType = sourcecode.swift; path = transition_v3Tests.swift; sourceTree = "<group>"; };
		C1C9086F29A3E5D1004E9AC5 /* transition-v3UITests.xctest */ = {isa = PBXFileReference; explicitFileType = wrapper.cfbundle; includeInIndex = 0; path = "transition-v3UITests.xctest"; sourceTree = BUILT_PRODUCTS_DIR; };
		C1C9087329A3E5D1004E9AC5 /* transition_v3UITests.swift */ = {isa = PBXFileReference; lastKnownFileType = sourcecode.swift; path = transition_v3UITests.swift; sourceTree = "<group>"; };
		C1C9087529A3E5D1004E9AC5 /* transition_v3UITestsLaunchTests.swift */ = {isa = PBXFileReference; lastKnownFileType = sourcecode.swift; path = transition_v3UITestsLaunchTests.swift; sourceTree = "<group>"; };
/* End PBXFileReference section */

/* Begin PBXFrameworksBuildPhase section */
		C1C9084929A3E5CF004E9AC5 /* Frameworks */ = {
			isa = PBXFrameworksBuildPhase;
			buildActionMask = 2147483647;
			files = (
			);
			runOnlyForDeploymentPostprocessing = 0;
		};
		C1C9086229A3E5D1004E9AC5 /* Frameworks */ = {
			isa = PBXFrameworksBuildPhase;
			buildActionMask = 2147483647;
			files = (
			);
			runOnlyForDeploymentPostprocessing = 0;
		};
		C1C9086C29A3E5D1004E9AC5 /* Frameworks */ = {
			isa = PBXFrameworksBuildPhase;
			buildActionMask = 2147483647;
			files = (
			);
			runOnlyForDeploymentPostprocessing = 0;
		};
/* End PBXFrameworksBuildPhase section */

/* Begin PBXGroup section */
		C1B12F8929A5650B00E681D9 /* Animation */ = {
			isa = PBXGroup;
			children = (
				C1B12F8A29A5650B00E681D9 /* ZoomTransitionController.swift */,
				C1B12F8B29A5650B00E681D9 /* ZoomDismissalInteractionController.swift */,
				C1B12F8C29A5650B00E681D9 /* ZoomAnimator.swift */,
			);
			path = Animation;
			sourceTree = "<group>";
		};
		C1C9084329A3E5CF004E9AC5 = {
			isa = PBXGroup;
			children = (
				C1C9084E29A3E5D0004E9AC5 /* transition-v3 */,
				C1C9086829A3E5D1004E9AC5 /* transition-v3Tests */,
				C1C9087229A3E5D1004E9AC5 /* transition-v3UITests */,
				C1C9084D29A3E5CF004E9AC5 /* Products */,
			);
			sourceTree = "<group>";
		};
		C1C9084D29A3E5CF004E9AC5 /* Products */ = {
			isa = PBXGroup;
			children = (
				C1C9084C29A3E5CF004E9AC5 /* transition-v3.app */,
				C1C9086529A3E5D1004E9AC5 /* transition-v3Tests.xctest */,
				C1C9086F29A3E5D1004E9AC5 /* transition-v3UITests.xctest */,
			);
			name = Products;
			sourceTree = "<group>";
		};
		C1C9084E29A3E5D0004E9AC5 /* transition-v3 */ = {
			isa = PBXGroup;
			children = (
				C1B12F8929A5650B00E681D9 /* Animation */,
				C1C9084F29A3E5D0004E9AC5 /* AppDelegate.swift */,
				C1C9085129A3E5D0004E9AC5 /* SceneDelegate.swift */,
				C1C9085329A3E5D0004E9AC5 /* ViewController.swift */,
				C1C9085529A3E5D0004E9AC5 /* Main.storyboard */,
				C1C9085B29A3E5D1004E9AC5 /* Assets.xcassets */,
				C1C9085D29A3E5D1004E9AC5 /* LaunchScreen.storyboard */,
				C1C9086029A3E5D1004E9AC5 /* Info.plist */,
				C1C9085829A3E5D0004E9AC5 /* transition_v3.xcdatamodeld */,
			);
			path = "transition-v3";
			sourceTree = "<group>";
		};
		C1C9086829A3E5D1004E9AC5 /* transition-v3Tests */ = {
			isa = PBXGroup;
			children = (
				C1C9086929A3E5D1004E9AC5 /* transition_v3Tests.swift */,
			);
			path = "transition-v3Tests";
			sourceTree = "<group>";
		};
		C1C9087229A3E5D1004E9AC5 /* transition-v3UITests */ = {
			isa = PBXGroup;
			children = (
				C1C9087329A3E5D1004E9AC5 /* transition_v3UITests.swift */,
				C1C9087529A3E5D1004E9AC5 /* transition_v3UITestsLaunchTests.swift */,
			);
			path = "transition-v3UITests";
			sourceTree = "<group>";
		};
/* End PBXGroup section */

/* Begin PBXNativeTarget section */
		C1C9084B29A3E5CF004E9AC5 /* transition-v3 */ = {
			isa = PBXNativeTarget;
			buildConfigurationList = C1C9087929A3E5D1004E9AC5 /* Build configuration list for PBXNativeTarget "transition-v3" */;
			buildPhases = (
				C1C9084829A3E5CF004E9AC5 /* Sources */,
				C1C9084929A3E5CF004E9AC5 /* Frameworks */,
				C1C9084A29A3E5CF004E9AC5 /* Resources */,
			);
			buildRules = (
			);
			dependencies = (
			);
			name = "transition-v3";
			productName = "transition-v3";
			productReference = C1C9084C29A3E5CF004E9AC5 /* transition-v3.app */;
			productType = "com.apple.product-type.application";
		};
		C1C9086429A3E5D1004E9AC5 /* transition-v3Tests */ = {
			isa = PBXNativeTarget;
			buildConfigurationList = C1C9087C29A3E5D1004E9AC5 /* Build configuration list for PBXNativeTarget "transition-v3Tests" */;
			buildPhases = (
				C1C9086129A3E5D1004E9AC5 /* Sources */,
				C1C9086229A3E5D1004E9AC5 /* Frameworks */,
				C1C9086329A3E5D1004E9AC5 /* Resources */,
			);
			buildRules = (
			);
			dependencies = (
				C1C9086729A3E5D1004E9AC5 /* PBXTargetDependency */,
			);
			name = "transition-v3Tests";
			productName = "transition-v3Tests";
			productReference = C1C9086529A3E5D1004E9AC5 /* transition-v3Tests.xctest */;
			productType = "com.apple.product-type.bundle.unit-test";
		};
		C1C9086E29A3E5D1004E9AC5 /* transition-v3UITests */ = {
			isa = PBXNativeTarget;
			buildConfigurationList = C1C9087F29A3E5D1004E9AC5 /* Build configuration list for PBXNativeTarget "transition-v3UITests" */;
			buildPhases = (
				C1C9086B29A3E5D1004E9AC5 /* Sources */,
				C1C9086C29A3E5D1004E9AC5 /* Frameworks */,
				C1C9086D29A3E5D1004E9AC5 /* Resources */,
			);
			buildRules = (
			);
			dependencies = (
				C1C9087129A3E5D1004E9AC5 /* PBXTargetDependency */,
			);
			name = "transition-v3UITests";
			productName = "transition-v3UITests";
			productReference = C1C9086F29A3E5D1004E9AC5 /* transition-v3UITests.xctest */;
			productType = "com.apple.product-type.bundle.ui-testing";
		};
/* End PBXNativeTarget section */

/* Begin PBXProject section */
		C1C9084429A3E5CF004E9AC5 /* Project object */ = {
			isa = PBXProject;
			attributes = {
				BuildIndependentTargetsInParallel = 1;
				LastSwiftUpdateCheck = 1420;
				LastUpgradeCheck = 1420;
				TargetAttributes = {
					C1C9084B29A3E5CF004E9AC5 = {
						CreatedOnToolsVersion = 14.2;
					};
					C1C9086429A3E5D1004E9AC5 = {
						CreatedOnToolsVersion = 14.2;
						TestTargetID = C1C9084B29A3E5CF004E9AC5;
					};
					C1C9086E29A3E5D1004E9AC5 = {
						CreatedOnToolsVersion = 14.2;
						TestTargetID = C1C9084B29A3E5CF004E9AC5;
					};
				};
			};
			buildConfigurationList = C1C9084729A3E5CF004E9AC5 /* Build configuration list for PBXProject "transition-v3" */;
			compatibilityVersion = "Xcode 14.0";
			developmentRegion = en;
			hasScannedForEncodings = 0;
			knownRegions = (
				en,
				Base,
			);
			mainGroup = C1C9084329A3E5CF004E9AC5;
			productRefGroup = C1C9084D29A3E5CF004E9AC5 /* Products */;
			projectDirPath = "";
			projectRoot = "";
			targets = (
				C1C9084B29A3E5CF004E9AC5 /* transition-v3 */,
				C1C9086429A3E5D1004E9AC5 /* transition-v3Tests */,
				C1C9086E29A3E5D1004E9AC5 /* transition-v3UITests */,
			);
		};
/* End PBXProject section */

/* Begin PBXResourcesBuildPhase section */
		C1C9084A29A3E5CF004E9AC5 /* Resources */ = {
			isa = PBXResourcesBuildPhase;
			buildActionMask = 2147483647;
			files = (
				C1C9085F29A3E5D1004E9AC5 /* LaunchScreen.storyboard in Resources */,
				C1C9085C29A3E5D1004E9AC5 /* Assets.xcassets in Resources */,
				C1C9085729A3E5D0004E9AC5 /* Main.storyboard in Resources */,
			);
			runOnlyForDeploymentPostprocessing = 0;
		};
		C1C9086329A3E5D1004E9AC5 /* Resources */ = {
			isa = PBXResourcesBuildPhase;
			buildActionMask = 2147483647;
			files = (
			);
			runOnlyForDeploymentPostprocessing = 0;
		};
		C1C9086D29A3E5D1004E9AC5 /* Resources */ = {
			isa = PBXResourcesBuildPhase;
			buildActionMask = 2147483647;
			files = (
			);
			runOnlyForDeploymentPostprocessing = 0;
		};
/* End PBXResourcesBuildPhase section */

/* Begin PBXSourcesBuildPhase section */
		C1C9084829A3E5CF004E9AC5 /* Sources */ = {
			isa = PBXSourcesBuildPhase;
			buildActionMask = 2147483647;
			files = (
				C1C9085429A3E5D0004E9AC5 /* ViewController.swift in Sources */,
				C1C9085A29A3E5D0004E9AC5 /* transition_v3.xcdatamodeld in Sources */,
				C1B12F8D29A5650B00E681D9 /* ZoomTransitionController.swift in Sources */,
				C1B12F8F29A5650B00E681D9 /* ZoomAnimator.swift in Sources */,
				C1B12F8E29A5650B00E681D9 /* ZoomDismissalInteractionController.swift in Sources */,
				C1C9085029A3E5D0004E9AC5 /* AppDelegate.swift in Sources */,
				C1C9085229A3E5D0004E9AC5 /* SceneDelegate.swift in Sources */,
			);
			runOnlyForDeploymentPostprocessing = 0;
		};
		C1C9086129A3E5D1004E9AC5 /* Sources */ = {
			isa = PBXSourcesBuildPhase;
			buildActionMask = 2147483647;
			files = (
				C1C9086A29A3E5D1004E9AC5 /* transition_v3Tests.swift in Sources */,
			);
			runOnlyForDeploymentPostprocessing = 0;
		};
		C1C9086B29A3E5D1004E9AC5 /* Sources */ = {
			isa = PBXSourcesBuildPhase;
			buildActionMask = 2147483647;
			files = (
				C1C9087629A3E5D1004E9AC5 /* transition_v3UITestsLaunchTests.swift in Sources */,
				C1C9087429A3E5D1004E9AC5 /* transition_v3UITests.swift in Sources */,
			);
			runOnlyForDeploymentPostprocessing = 0;
		};
/* End PBXSourcesBuildPhase section */

/* Begin PBXTargetDependency section */
		C1C9086729A3E5D1004E9AC5 /* PBXTargetDependency */ = {
			isa = PBXTargetDependency;
			target = C1C9084B29A3E5CF004E9AC5 /* transition-v3 */;
			targetProxy = C1C9086629A3E5D1004E9AC5 /* PBXContainerItemProxy */;
		};
		C1C9087129A3E5D1004E9AC5 /* PBXTargetDependency */ = {
			isa = PBXTargetDependency;
			target = C1C9084B29A3E5CF004E9AC5 /* transition-v3 */;
			targetProxy = C1C9087029A3E5D1004E9AC5 /* PBXContainerItemProxy */;
		};
/* End PBXTargetDependency section */

/* Begin PBXVariantGroup section */
		C1C9085529A3E5D0004E9AC5 /* Main.storyboard */ = {
			isa = PBXVariantGroup;
			children = (
				C1C9085629A3E5D0004E9AC5 /* Base */,
			);
			name = Main.storyboard;
			sourceTree = "<group>";
		};
		C1C9085D29A3E5D1004E9AC5 /* LaunchScreen.storyboard */ = {
			isa = PBXVariantGroup;
			children = (
				C1C9085E29A3E5D1004E9AC5 /* Base */,
			);
			name = LaunchScreen.storyboard;
			sourceTree = "<group>";
		};
/* End PBXVariantGroup section */

/* Begin XCBuildConfiguration section */
		C1C9087729A3E5D1004E9AC5 /* Debug */ = {
			isa = XCBuildConfiguration;
			buildSettings = {
				ALWAYS_SEARCH_USER_PATHS = NO;
				CLANG_ANALYZER_NONNULL = YES;
				CLANG_ANALYZER_NUMBER_OBJECT_CONVERSION = YES_AGGRESSIVE;
				CLANG_CXX_LANGUAGE_STANDARD = "gnu++20";
				CLANG_ENABLE_MODULES = YES;
				CLANG_ENABLE_OBJC_ARC = YES;
				CLANG_ENABLE_OBJC_WEAK = YES;
				CLANG_WARN_BLOCK_CAPTURE_AUTORELEASING = YES;
				CLANG_WARN_BOOL_CONVERSION = YES;
				CLANG_WARN_COMMA = YES;
				CLANG_WARN_CONSTANT_CONVERSION = YES;
				CLANG_WARN_DEPRECATED_OBJC_IMPLEMENTATIONS = YES;
				CLANG_WARN_DIRECT_OBJC_ISA_USAGE = YES_ERROR;
				CLANG_WARN_DOCUMENTATION_COMMENTS = YES;
				CLANG_WARN_EMPTY_BODY = YES;
				CLANG_WARN_ENUM_CONVERSION = YES;
				CLANG_WARN_INFINITE_RECURSION = YES;
				CLANG_WARN_INT_CONVERSION = YES;
				CLANG_WARN_NON_LITERAL_NULL_CONVERSION = YES;
				CLANG_WARN_OBJC_IMPLICIT_RETAIN_SELF = YES;
				CLANG_WARN_OBJC_LITERAL_CONVERSION = YES;
				CLANG_WARN_OBJC_ROOT_CLASS = YES_ERROR;
				CLANG_WARN_QUOTED_INCLUDE_IN_FRAMEWORK_HEADER = YES;
				CLANG_WARN_RANGE_LOOP_ANALYSIS = YES;
				CLANG_WARN_STRICT_PROTOTYPES = YES;
				CLANG_WARN_SUSPICIOUS_MOVE = YES;
				CLANG_WARN_UNGUARDED_AVAILABILITY = YES_AGGRESSIVE;
				CLANG_WARN_UNREACHABLE_CODE = YES;
				CLANG_WARN__DUPLICATE_METHOD_MATCH = YES;
				COPY_PHASE_STRIP = NO;
				DEBUG_INFORMATION_FORMAT = dwarf;
				ENABLE_STRICT_OBJC_MSGSEND = YES;
				ENABLE_TESTABILITY = YES;
				GCC_C_LANGUAGE_STANDARD = gnu11;
				GCC_DYNAMIC_NO_PIC = NO;
				GCC_NO_COMMON_BLOCKS = YES;
				GCC_OPTIMIZATION_LEVEL = 0;
				GCC_PREPROCESSOR_DEFINITIONS = (
					"DEBUG=1",
					"$(inherited)",
				);
				GCC_WARN_64_TO_32_BIT_CONVERSION = YES;
				GCC_WARN_ABOUT_RETURN_TYPE = YES_ERROR;
				GCC_WARN_UNDECLARED_SELECTOR = YES;
				GCC_WARN_UNINITIALIZED_AUTOS = YES_AGGRESSIVE;
				GCC_WARN_UNUSED_FUNCTION = YES;
				GCC_WARN_UNUSED_VARIABLE = YES;
				IPHONEOS_DEPLOYMENT_TARGET = 16.2;
				MTL_ENABLE_DEBUG_INFO = INCLUDE_SOURCE;
				MTL_FAST_MATH = YES;
				ONLY_ACTIVE_ARCH = YES;
				SDKROOT = iphoneos;
				SWIFT_ACTIVE_COMPILATION_CONDITIONS = DEBUG;
				SWIFT_OPTIMIZATION_LEVEL = "-Onone";
			};
			name = Debug;
		};
		C1C9087829A3E5D1004E9AC5 /* Release */ = {
			isa = XCBuildConfiguration;
			buildSettings = {
				ALWAYS_SEARCH_USER_PATHS = NO;
				CLANG_ANALYZER_NONNULL = YES;
				CLANG_ANALYZER_NUMBER_OBJECT_CONVERSION = YES_AGGRESSIVE;
				CLANG_CXX_LANGUAGE_STANDARD = "gnu++20";
				CLANG_ENABLE_MODULES = YES;
				CLANG_ENABLE_OBJC_ARC = YES;
				CLANG_ENABLE_OBJC_WEAK = YES;
				CLANG_WARN_BLOCK_CAPTURE_AUTORELEASING = YES;
				CLANG_WARN_BOOL_CONVERSION = YES;
				CLANG_WARN_COMMA = YES;
				CLANG_WARN_CONSTANT_CONVERSION = YES;
				CLANG_WARN_DEPRECATED_OBJC_IMPLEMENTATIONS = YES;
				CLANG_WARN_DIRECT_OBJC_ISA_USAGE = YES_ERROR;
				CLANG_WARN_DOCUMENTATION_COMMENTS = YES;
				CLANG_WARN_EMPTY_BODY = YES;
				CLANG_WARN_ENUM_CONVERSION = YES;
				CLANG_WARN_INFINITE_RECURSION = YES;
				CLANG_WARN_INT_CONVERSION = YES;
				CLANG_WARN_NON_LITERAL_NULL_CONVERSION = YES;
				CLANG_WARN_OBJC_IMPLICIT_RETAIN_SELF = YES;
				CLANG_WARN_OBJC_LITERAL_CONVERSION = YES;
				CLANG_WARN_OBJC_ROOT_CLASS = YES_ERROR;
				CLANG_WARN_QUOTED_INCLUDE_IN_FRAMEWORK_HEADER = YES;
				CLANG_WARN_RANGE_LOOP_ANALYSIS = YES;
				CLANG_WARN_STRICT_PROTOTYPES = YES;
				CLANG_WARN_SUSPICIOUS_MOVE = YES;
				CLANG_WARN_UNGUARDED_AVAILABILITY = YES_AGGRESSIVE;
				CLANG_WARN_UNREACHABLE_CODE = YES;
				CLANG_WARN__DUPLICATE_METHOD_MATCH = YES;
				COPY_PHASE_STRIP = NO;
				DEBUG_INFORMATION_FORMAT = "dwarf-with-dsym";
				ENABLE_NS_ASSERTIONS = NO;
				ENABLE_STRICT_OBJC_MSGSEND = YES;
				GCC_C_LANGUAGE_STANDARD = gnu11;
				GCC_NO_COMMON_BLOCKS = YES;
				GCC_WARN_64_TO_32_BIT_CONVERSION = YES;
				GCC_WARN_ABOUT_RETURN_TYPE = YES_ERROR;
				GCC_WARN_UNDECLARED_SELECTOR = YES;
				GCC_WARN_UNINITIALIZED_AUTOS = YES_AGGRESSIVE;
				GCC_WARN_UNUSED_FUNCTION = YES;
				GCC_WARN_UNUSED_VARIABLE = YES;
				IPHONEOS_DEPLOYMENT_TARGET = 16.2;
				MTL_ENABLE_DEBUG_INFO = NO;
				MTL_FAST_MATH = YES;
				SDKROOT = iphoneos;
				SWIFT_COMPILATION_MODE = wholemodule;
				SWIFT_OPTIMIZATION_LEVEL = "-O";
				VALIDATE_PRODUCT = YES;
			};
			name = Release;
		};
		C1C9087A29A3E5D1004E9AC5 /* Debug */ = {
			isa = XCBuildConfiguration;
			buildSettings = {
				ASSETCATALOG_COMPILER_APPICON_NAME = AppIcon;
				ASSETCATALOG_COMPILER_GLOBAL_ACCENT_COLOR_NAME = AccentColor;
				CODE_SIGN_STYLE = Automatic;
				CURRENT_PROJECT_VERSION = 1;
				DEVELOPMENT_TEAM = R88CDNMKLQ;
				GENERATE_INFOPLIST_FILE = YES;
				INFOPLIST_FILE = "transition-v3/Info.plist";
				INFOPLIST_KEY_UIApplicationSupportsIndirectInputEvents = YES;
				INFOPLIST_KEY_UILaunchStoryboardName = LaunchScreen;
				INFOPLIST_KEY_UIMainStoryboardFile = Main;
				INFOPLIST_KEY_UISupportedInterfaceOrientations_iPad = "UIInterfaceOrientationPortrait UIInterfaceOrientationPortraitUpsideDown UIInterfaceOrientationLandscapeLeft UIInterfaceOrientationLandscapeRight";
				INFOPLIST_KEY_UISupportedInterfaceOrientations_iPhone = "UIInterfaceOrientationPortrait UIInterfaceOrientationLandscapeLeft UIInterfaceOrientationLandscapeRight";
				LD_RUNPATH_SEARCH_PATHS = (
					"$(inherited)",
					"@executable_path/Frameworks",
				);
				MARKETING_VERSION = 1.0;
				PRODUCT_BUNDLE_IDENTIFIER = "es.fernandosalom.transition-v3";
				PRODUCT_NAME = "$(TARGET_NAME)";
				SWIFT_EMIT_LOC_STRINGS = YES;
				SWIFT_VERSION = 5.0;
				TARGETED_DEVICE_FAMILY = "1,2";
			};
			name = Debug;
		};
		C1C9087B29A3E5D1004E9AC5 /* Release */ = {
			isa = XCBuildConfiguration;
			buildSettings = {
				ASSETCATALOG_COMPILER_APPICON_NAME = AppIcon;
				ASSETCATALOG_COMPILER_GLOBAL_ACCENT_COLOR_NAME = AccentColor;
				CODE_SIGN_STYLE = Automatic;
				CURRENT_PROJECT_VERSION = 1;
				DEVELOPMENT_TEAM = R88CDNMKLQ;
				GENERATE_INFOPLIST_FILE = YES;
				INFOPLIST_FILE = "transition-v3/Info.plist";
				INFOPLIST_KEY_UIApplicationSupportsIndirectInputEvents = YES;
				INFOPLIST_KEY_UILaunchStoryboardName = LaunchScreen;
				INFOPLIST_KEY_UIMainStoryboardFile = Main;
				INFOPLIST_KEY_UISupportedInterfaceOrientations_iPad = "UIInterfaceOrientationPortrait UIInterfaceOrientationPortraitUpsideDown UIInterfaceOrientationLandscapeLeft UIInterfaceOrientationLandscapeRight";
				INFOPLIST_KEY_UISupportedInterfaceOrientations_iPhone = "UIInterfaceOrientationPortrait UIInterfaceOrientationLandscapeLeft UIInterfaceOrientationLandscapeRight";
				LD_RUNPATH_SEARCH_PATHS = (
					"$(inherited)",
					"@executable_path/Frameworks",
				);
				MARKETING_VERSION = 1.0;
				PRODUCT_BUNDLE_IDENTIFIER = "es.fernandosalom.transition-v3";
				PRODUCT_NAME = "$(TARGET_NAME)";
				SWIFT_EMIT_LOC_STRINGS = YES;
				SWIFT_VERSION = 5.0;
				TARGETED_DEVICE_FAMILY = "1,2";
			};
			name = Release;
		};
		C1C9087D29A3E5D1004E9AC5 /* Debug */ = {
			isa = XCBuildConfiguration;
			buildSettings = {
				ALWAYS_EMBED_SWIFT_STANDARD_LIBRARIES = YES;
				BUNDLE_LOADER = "$(TEST_HOST)";
				CODE_SIGN_STYLE = Automatic;
				CURRENT_PROJECT_VERSION = 1;
				DEVELOPMENT_TEAM = R88CDNMKLQ;
				GENERATE_INFOPLIST_FILE = YES;
				IPHONEOS_DEPLOYMENT_TARGET = 16.2;
				MARKETING_VERSION = 1.0;
				PRODUCT_BUNDLE_IDENTIFIER = "es.fernandosalom.transition-v3Tests";
				PRODUCT_NAME = "$(TARGET_NAME)";
				SWIFT_EMIT_LOC_STRINGS = NO;
				SWIFT_VERSION = 5.0;
				TARGETED_DEVICE_FAMILY = "1,2";
				TEST_HOST = "$(BUILT_PRODUCTS_DIR)/transition-v3.app/$(BUNDLE_EXECUTABLE_FOLDER_PATH)/transition-v3";
			};
			name = Debug;
		};
		C1C9087E29A3E5D1004E9AC5 /* Release */ = {
			isa = XCBuildConfiguration;
			buildSettings = {
				ALWAYS_EMBED_SWIFT_STANDARD_LIBRARIES = YES;
				BUNDLE_LOADER = "$(TEST_HOST)";
				CODE_SIGN_STYLE = Automatic;
				CURRENT_PROJECT_VERSION = 1;
				DEVELOPMENT_TEAM = R88CDNMKLQ;
				GENERATE_INFOPLIST_FILE = YES;
				IPHONEOS_DEPLOYMENT_TARGET = 16.2;
				MARKETING_VERSION = 1.0;
				PRODUCT_BUNDLE_IDENTIFIER = "es.fernandosalom.transition-v3Tests";
				PRODUCT_NAME = "$(TARGET_NAME)";
				SWIFT_EMIT_LOC_STRINGS = NO;
				SWIFT_VERSION = 5.0;
				TARGETED_DEVICE_FAMILY = "1,2";
				TEST_HOST = "$(BUILT_PRODUCTS_DIR)/transition-v3.app/$(BUNDLE_EXECUTABLE_FOLDER_PATH)/transition-v3";
			};
			name = Release;
		};
		C1C9088029A3E5D1004E9AC5 /* Debug */ = {
			isa = XCBuildConfiguration;
			buildSettings = {
				ALWAYS_EMBED_SWIFT_STANDARD_LIBRARIES = YES;
				CODE_SIGN_STYLE = Automatic;
				CURRENT_PROJECT_VERSION = 1;
				DEVELOPMENT_TEAM = R88CDNMKLQ;
				GENERATE_INFOPLIST_FILE = YES;
				MARKETING_VERSION = 1.0;
				PRODUCT_BUNDLE_IDENTIFIER = "es.fernandosalom.transition-v3UITests";
				PRODUCT_NAME = "$(TARGET_NAME)";
				SWIFT_EMIT_LOC_STRINGS = NO;
				SWIFT_VERSION = 5.0;
				TARGETED_DEVICE_FAMILY = "1,2";
				TEST_TARGET_NAME = "transition-v3";
			};
			name = Debug;
		};
		C1C9088129A3E5D1004E9AC5 /* Release */ = {
			isa = XCBuildConfiguration;
			buildSettings = {
				ALWAYS_EMBED_SWIFT_STANDARD_LIBRARIES = YES;
				CODE_SIGN_STYLE = Automatic;
				CURRENT_PROJECT_VERSION = 1;
				DEVELOPMENT_TEAM = R88CDNMKLQ;
				GENERATE_INFOPLIST_FILE = YES;
				MARKETING_VERSION = 1.0;
				PRODUCT_BUNDLE_IDENTIFIER = "es.fernandosalom.transition-v3UITests";
				PRODUCT_NAME = "$(TARGET_NAME)";
				SWIFT_EMIT_LOC_STRINGS = NO;
				SWIFT_VERSION = 5.0;
				TARGETED_DEVICE_FAMILY = "1,2";
				TEST_TARGET_NAME = "transition-v3";
			};
			name = Release;
		};
/* End XCBuildConfiguration section */

/* Begin XCConfigurationList section */
		C1C9084729A3E5CF004E9AC5 /* Build configuration list for PBXProject "transition-v3" */ = {
			isa = XCConfigurationList;
			buildConfigurations = (
				C1C9087729A3E5D1004E9AC5 /* Debug */,
				C1C9087829A3E5D1004E9AC5 /* Release */,
			);
			defaultConfigurationIsVisible = 0;
			defaultConfigurationName = Release;
		};
		C1C9087929A3E5D1004E9AC5 /* Build configuration list for PBXNativeTarget "transition-v3" */ = {
			isa = XCConfigurationList;
			buildConfigurations = (
				C1C9087A29A3E5D1004E9AC5 /* Debug */,
				C1C9087B29A3E5D1004E9AC5 /* Release */,
			);
			defaultConfigurationIsVisible = 0;
			defaultConfigurationName = Release;
		};
		C1C9087C29A3E5D1004E9AC5 /* Build configuration list for PBXNativeTarget "transition-v3Tests" */ = {
			isa = XCConfigurationList;
			buildConfigurations = (
				C1C9087D29A3E5D1004E9AC5 /* Debug */,
				C1C9087E29A3E5D1004E9AC5 /* Release */,
			);
			defaultConfigurationIsVisible = 0;
			defaultConfigurationName = Release;
		};
		C1C9087F29A3E5D1004E9AC5 /* Build configuration list for PBXNativeTarget "transition-v3UITests" */ = {
			isa = XCConfigurationList;
			buildConfigurations = (
				C1C9088029A3E5D1004E9AC5 /* Debug */,
				C1C9088129A3E5D1004E9AC5 /* Release */,
			);
			defaultConfigurationIsVisible = 0;
			defaultConfigurationName = Release;
		};
/* End XCConfigurationList section */

/* Begin XCVersionGroup section */
		C1C9085829A3E5D0004E9AC5 /* transition_v3.xcdatamodeld */ = {
			isa = XCVersionGroup;
			children = (
				C1C9085929A3E5D0004E9AC5 /* transition_v3.xcdatamodel */,
			);
			currentVersion = C1C9085929A3E5D0004E9AC5 /* transition_v3.xcdatamodel */;
			path = transition_v3.xcdatamodeld;
			sourceTree = "<group>";
			versionGroupType = wrapper.xcdatamodel;
		};
/* End XCVersionGroup section */
	};
	rootObject = C1C9084429A3E5CF004E9AC5 /* Project object */;
}
